// !$*UTF8*$!
{
	archiveVersion = 1;
	classes = {
	};
	objectVersion = 48;
	objects = {

/* Begin PBXBuildFile section */
		2B5E8025230C410A00612CD2 /* AppDelegate.swift in Sources */ = {isa = PBXBuildFile; fileRef = 2B5E8024230C410A00612CD2 /* AppDelegate.swift */; };
		2B5E8027230C410A00612CD2 /* ViewController.swift in Sources */ = {isa = PBXBuildFile; fileRef = 2B5E8026230C410A00612CD2 /* ViewController.swift */; };
		2B5E802A230C410A00612CD2 /* Main.storyboard in Resources */ = {isa = PBXBuildFile; fileRef = 2B5E8028230C410A00612CD2 /* Main.storyboard */; };
		2B5E802C230C410A00612CD2 /* Assets.xcassets in Resources */ = {isa = PBXBuildFile; fileRef = 2B5E802B230C410A00612CD2 /* Assets.xcassets */; };
		2B5E802F230C410A00612CD2 /* LaunchScreen.storyboard in Resources */ = {isa = PBXBuildFile; fileRef = 2B5E802D230C410A00612CD2 /* LaunchScreen.storyboard */; };
		2B5E803A230C410A00612CD2 /* swift_databaseTests.swift in Sources */ = {isa = PBXBuildFile; fileRef = 2B5E8039230C410A00612CD2 /* swift_databaseTests.swift */; };
		2B5E8045230C410A00612CD2 /* swift_databaseUITests.swift in Sources */ = {isa = PBXBuildFile; fileRef = 2B5E8044230C410A00612CD2 /* swift_databaseUITests.swift */; };
		2B5E8053230C494800612CD2 /* HomeModel.swift in Sources */ = {isa = PBXBuildFile; fileRef = 2B5E8052230C494800612CD2 /* HomeModel.swift */; };
		2B5E8055230C497E00612CD2 /* LocationModel.swift in Sources */ = {isa = PBXBuildFile; fileRef = 2B5E8054230C497E00612CD2 /* LocationModel.swift */; };
/* End PBXBuildFile section */

/* Begin PBXContainerItemProxy section */
		2B5E8036230C410A00612CD2 /* PBXContainerItemProxy */ = {
			isa = PBXContainerItemProxy;
			containerPortal = 2B5E8019230C410A00612CD2 /* Project object */;
			proxyType = 1;
			remoteGlobalIDString = 2B5E8020230C410A00612CD2;
			remoteInfo = swift_database;
		};
		2B5E8041230C410A00612CD2 /* PBXContainerItemProxy */ = {
			isa = PBXContainerItemProxy;
			containerPortal = 2B5E8019230C410A00612CD2 /* Project object */;
			proxyType = 1;
			remoteGlobalIDString = 2B5E8020230C410A00612CD2;
			remoteInfo = swift_database;
		};
/* End PBXContainerItemProxy section */

/* Begin PBXFileReference section */
		2B5E8021230C410A00612CD2 /* swift_database.app */ = {isa = PBXFileReference; explicitFileType = wrapper.application; includeInIndex = 0; path = swift_database.app; sourceTree = BUILT_PRODUCTS_DIR; };
		2B5E8024230C410A00612CD2 /* AppDelegate.swift */ = {isa = PBXFileReference; lastKnownFileType = sourcecode.swift; path = AppDelegate.swift; sourceTree = "<group>"; };
		2B5E8026230C410A00612CD2 /* ViewController.swift */ = {isa = PBXFileReference; lastKnownFileType = sourcecode.swift; path = ViewController.swift; sourceTree = "<group>"; };
		2B5E8029230C410A00612CD2 /* Base */ = {isa = PBXFileReference; lastKnownFileType = file.storyboard; name = Base; path = Base.lproj/Main.storyboard; sourceTree = "<group>"; };
		2B5E802B230C410A00612CD2 /* Assets.xcassets */ = {isa = PBXFileReference; lastKnownFileType = folder.assetcatalog; path = Assets.xcassets; sourceTree = "<group>"; };
		2B5E802E230C410A00612CD2 /* Base */ = {isa = PBXFileReference; lastKnownFileType = file.storyboard; name = Base; path = Base.lproj/LaunchScreen.storyboard; sourceTree = "<group>"; };
		2B5E8030230C410A00612CD2 /* Info.plist */ = {isa = PBXFileReference; lastKnownFileType = text.plist.xml; path = Info.plist; sourceTree = "<group>"; };
		2B5E8035230C410A00612CD2 /* swift_databaseTests.xctest */ = {isa = PBXFileReference; explicitFileType = wrapper.cfbundle; includeInIndex = 0; path = swift_databaseTests.xctest; sourceTree = BUILT_PRODUCTS_DIR; };
		2B5E8039230C410A00612CD2 /* swift_databaseTests.swift */ = {isa = PBXFileReference; lastKnownFileType = sourcecode.swift; path = swift_databaseTests.swift; sourceTree = "<group>"; };
		2B5E803B230C410A00612CD2 /* Info.plist */ = {isa = PBXFileReference; lastKnownFileType = text.plist.xml; path = Info.plist; sourceTree = "<group>"; };
		2B5E8040230C410A00612CD2 /* swift_databaseUITests.xctest */ = {isa = PBXFileReference; explicitFileType = wrapper.cfbundle; includeInIndex = 0; path = swift_databaseUITests.xctest; sourceTree = BUILT_PRODUCTS_DIR; };
		2B5E8044230C410A00612CD2 /* swift_databaseUITests.swift */ = {isa = PBXFileReference; lastKnownFileType = sourcecode.swift; path = swift_databaseUITests.swift; sourceTree = "<group>"; };
		2B5E8046230C410A00612CD2 /* Info.plist */ = {isa = PBXFileReference; lastKnownFileType = text.plist.xml; path = Info.plist; sourceTree = "<group>"; };
		2B5E8052230C494800612CD2 /* HomeModel.swift */ = {isa = PBXFileReference; lastKnownFileType = sourcecode.swift; path = HomeModel.swift; sourceTree = "<group>"; };
		2B5E8054230C497E00612CD2 /* LocationModel.swift */ = {isa = PBXFileReference; lastKnownFileType = sourcecode.swift; path = LocationModel.swift; sourceTree = "<group>"; };
/* End PBXFileReference section */

/* Begin PBXFrameworksBuildPhase section */
		2B5E801E230C410A00612CD2 /* Frameworks */ = {
			isa = PBXFrameworksBuildPhase;
			buildActionMask = 2147483647;
			files = (
			);
			runOnlyForDeploymentPostprocessing = 0;
		};
		2B5E8032230C410A00612CD2 /* Frameworks */ = {
			isa = PBXFrameworksBuildPhase;
			buildActionMask = 2147483647;
			files = (
			);
			runOnlyForDeploymentPostprocessing = 0;
		};
		2B5E803D230C410A00612CD2 /* Frameworks */ = {
			isa = PBXFrameworksBuildPhase;
			buildActionMask = 2147483647;
			files = (
			);
			runOnlyForDeploymentPostprocessing = 0;
		};
/* End PBXFrameworksBuildPhase section */

/* Begin PBXGroup section */
		2B5E8018230C410A00612CD2 = {
			isa = PBXGroup;
			children = (
				2B5E8023230C410A00612CD2 /* swift_database */,
				2B5E8038230C410A00612CD2 /* swift_databaseTests */,
				2B5E8043230C410A00612CD2 /* swift_databaseUITests */,
				2B5E8022230C410A00612CD2 /* Products */,
			);
			sourceTree = "<group>";
		};
		2B5E8022230C410A00612CD2 /* Products */ = {
			isa = PBXGroup;
			children = (
				2B5E8021230C410A00612CD2 /* swift_database.app */,
				2B5E8035230C410A00612CD2 /* swift_databaseTests.xctest */,
				2B5E8040230C410A00612CD2 /* swift_databaseUITests.xctest */,
			);
			name = Products;
			sourceTree = "<group>";
		};
		2B5E8023230C410A00612CD2 /* swift_database */ = {
			isa = PBXGroup;
			children = (
				2B5E8024230C410A00612CD2 /* AppDelegate.swift */,
				2B5E8026230C410A00612CD2 /* ViewController.swift */,
				2B5E8028230C410A00612CD2 /* Main.storyboard */,
				2B5E802B230C410A00612CD2 /* Assets.xcassets */,
				2B5E802D230C410A00612CD2 /* LaunchScreen.storyboard */,
				2B5E8030230C410A00612CD2 /* Info.plist */,
				2B5E8052230C494800612CD2 /* HomeModel.swift */,
				2B5E8054230C497E00612CD2 /* LocationModel.swift */,
			);
			path = swift_database;
			sourceTree = "<group>";
		};
		2B5E8038230C410A00612CD2 /* swift_databaseTests */ = {
			isa = PBXGroup;
			children = (
				2B5E8039230C410A00612CD2 /* swift_databaseTests.swift */,
				2B5E803B230C410A00612CD2 /* Info.plist */,
			);
			path = swift_databaseTests;
			sourceTree = "<group>";
		};
		2B5E8043230C410A00612CD2 /* swift_databaseUITests */ = {
			isa = PBXGroup;
			children = (
				2B5E8044230C410A00612CD2 /* swift_databaseUITests.swift */,
				2B5E8046230C410A00612CD2 /* Info.plist */,
			);
			path = swift_databaseUITests;
			sourceTree = "<group>";
		};
/* End PBXGroup section */

/* Begin PBXNativeTarget section */
		2B5E8020230C410A00612CD2 /* swift_database */ = {
			isa = PBXNativeTarget;
			buildConfigurationList = 2B5E8049230C410A00612CD2 /* Build configuration list for PBXNativeTarget "swift_database" */;
			buildPhases = (
				2B5E801D230C410A00612CD2 /* Sources */,
				2B5E801E230C410A00612CD2 /* Frameworks */,
				2B5E801F230C410A00612CD2 /* Resources */,
			);
			buildRules = (
			);
			dependencies = (
			);
			name = swift_database;
			productName = swift_database;
			productReference = 2B5E8021230C410A00612CD2 /* swift_database.app */;
			productType = "com.apple.product-type.application";
		};
		2B5E8034230C410A00612CD2 /* swift_databaseTests */ = {
			isa = PBXNativeTarget;
			buildConfigurationList = 2B5E804C230C410A00612CD2 /* Build configuration list for PBXNativeTarget "swift_databaseTests" */;
			buildPhases = (
				2B5E8031230C410A00612CD2 /* Sources */,
				2B5E8032230C410A00612CD2 /* Frameworks */,
				2B5E8033230C410A00612CD2 /* Resources */,
			);
			buildRules = (
			);
			dependencies = (
				2B5E8037230C410A00612CD2 /* PBXTargetDependency */,
			);
			name = swift_databaseTests;
			productName = swift_databaseTests;
			productReference = 2B5E8035230C410A00612CD2 /* swift_databaseTests.xctest */;
			productType = "com.apple.product-type.bundle.unit-test";
		};
		2B5E803F230C410A00612CD2 /* swift_databaseUITests */ = {
			isa = PBXNativeTarget;
			buildConfigurationList = 2B5E804F230C410A00612CD2 /* Build configuration list for PBXNativeTarget "swift_databaseUITests" */;
			buildPhases = (
				2B5E803C230C410A00612CD2 /* Sources */,
				2B5E803D230C410A00612CD2 /* Frameworks */,
				2B5E803E230C410A00612CD2 /* Resources */,
			);
			buildRules = (
			);
			dependencies = (
				2B5E8042230C410A00612CD2 /* PBXTargetDependency */,
			);
			name = swift_databaseUITests;
			productName = swift_databaseUITests;
			productReference = 2B5E8040230C410A00612CD2 /* swift_databaseUITests.xctest */;
			productType = "com.apple.product-type.bundle.ui-testing";
		};
/* End PBXNativeTarget section */

/* Begin PBXProject section */
		2B5E8019230C410A00612CD2 /* Project object */ = {
			isa = PBXProject;
			attributes = {
				LastSwiftUpdateCheck = 0920;
				LastUpgradeCheck = 0920;
				ORGANIZATIONNAME = Beagle;
				TargetAttributes = {
					2B5E8020230C410A00612CD2 = {
						CreatedOnToolsVersion = 9.2;
						ProvisioningStyle = Automatic;
					};
					2B5E8034230C410A00612CD2 = {
						CreatedOnToolsVersion = 9.2;
						ProvisioningStyle = Automatic;
						TestTargetID = 2B5E8020230C410A00612CD2;
					};
					2B5E803F230C410A00612CD2 = {
						CreatedOnToolsVersion = 9.2;
						ProvisioningStyle = Automatic;
						TestTargetID = 2B5E8020230C410A00612CD2;
					};
				};
			};
			buildConfigurationList = 2B5E801C230C410A00612CD2 /* Build configuration list for PBXProject "swift_database" */;
			compatibilityVersion = "Xcode 8.0";
			developmentRegion = en;
			hasScannedForEncodings = 0;
			knownRegions = (
				en,
				Base,
			);
			mainGroup = 2B5E8018230C410A00612CD2;
			productRefGroup = 2B5E8022230C410A00612CD2 /* Products */;
			projectDirPath = "";
			projectRoot = "";
			targets = (
				2B5E8020230C410A00612CD2 /* swift_database */,
				2B5E8034230C410A00612CD2 /* swift_databaseTests */,
				2B5E803F230C410A00612CD2 /* swift_databaseUITests */,
			);
		};
/* End PBXProject section */

/* Begin PBXResourcesBuildPhase section */
		2B5E801F230C410A00612CD2 /* Resources */ = {
			isa = PBXResourcesBuildPhase;
			buildActionMask = 2147483647;
			files = (
				2B5E802F230C410A00612CD2 /* LaunchScreen.storyboard in Resources */,
				2B5E802C230C410A00612CD2 /* Assets.xcassets in Resources */,
				2B5E802A230C410A00612CD2 /* Main.storyboard in Resources */,
			);
			runOnlyForDeploymentPostprocessing = 0;
		};
		2B5E8033230C410A00612CD2 /* Resources */ = {
			isa = PBXResourcesBuildPhase;
			buildActionMask = 2147483647;
			files = (
			);
			runOnlyForDeploymentPostprocessing = 0;
		};
		2B5E803E230C410A00612CD2 /* Resources */ = {
			isa = PBXResourcesBuildPhase;
			buildActionMask = 2147483647;
			files = (
			);
			runOnlyForDeploymentPostprocessing = 0;
		};
/* End PBXResourcesBuildPhase section */

/* Begin PBXSourcesBuildPhase section */
		2B5E801D230C410A00612CD2 /* Sources */ = {
			isa = PBXSourcesBuildPhase;
			buildActionMask = 2147483647;
			files = (
				2B5E8055230C497E00612CD2 /* LocationModel.swift in Sources */,
				2B5E8027230C410A00612CD2 /* ViewController.swift in Sources */,
				2B5E8025230C410A00612CD2 /* AppDelegate.swift in Sources */,
				2B5E8053230C494800612CD2 /* HomeModel.swift in Sources */,
			);
			runOnlyForDeploymentPostprocessing = 0;
		};
		2B5E8031230C410A00612CD2 /* Sources */ = {
			isa = PBXSourcesBuildPhase;
			buildActionMask = 2147483647;
			files = (
				2B5E803A230C410A00612CD2 /* swift_databaseTests.swift in Sources */,
			);
			runOnlyForDeploymentPostprocessing = 0;
		};
		2B5E803C230C410A00612CD2 /* Sources */ = {
			isa = PBXSourcesBuildPhase;
			buildActionMask = 2147483647;
			files = (
				2B5E8045230C410A00612CD2 /* swift_databaseUITests.swift in Sources */,
			);
			runOnlyForDeploymentPostprocessing = 0;
		};
/* End PBXSourcesBuildPhase section */

/* Begin PBXTargetDependency section */
		2B5E8037230C410A00612CD2 /* PBXTargetDependency */ = {
			isa = PBXTargetDependency;
			target = 2B5E8020230C410A00612CD2 /* swift_database */;
			targetProxy = 2B5E8036230C410A00612CD2 /* PBXContainerItemProxy */;
		};
		2B5E8042230C410A00612CD2 /* PBXTargetDependency */ = {
			isa = PBXTargetDependency;
			target = 2B5E8020230C410A00612CD2 /* swift_database */;
			targetProxy = 2B5E8041230C410A00612CD2 /* PBXContainerItemProxy */;
		};
/* End PBXTargetDependency section */

/* Begin PBXVariantGroup section */
		2B5E8028230C410A00612CD2 /* Main.storyboard */ = {
			isa = PBXVariantGroup;
			children = (
				2B5E8029230C410A00612CD2 /* Base */,
			);
			name = Main.storyboard;
			sourceTree = "<group>";
		};
		2B5E802D230C410A00612CD2 /* LaunchScreen.storyboard */ = {
			isa = PBXVariantGroup;
			children = (
				2B5E802E230C410A00612CD2 /* Base */,
			);
			name = LaunchScreen.storyboard;
			sourceTree = "<group>";
		};
/* End PBXVariantGroup section */

/* Begin XCBuildConfiguration section */
		2B5E8047230C410A00612CD2 /* Debug */ = {
			isa = XCBuildConfiguration;
			buildSettings = {
				ALWAYS_SEARCH_USER_PATHS = NO;
				CLANG_ANALYZER_NONNULL = YES;
				CLANG_ANALYZER_NUMBER_OBJECT_CONVERSION = YES_AGGRESSIVE;
				CLANG_CXX_LANGUAGE_STANDARD = "gnu++14";
				CLANG_CXX_LIBRARY = "libc++";
				CLANG_ENABLE_MODULES = YES;
				CLANG_ENABLE_OBJC_ARC = YES;
				CLANG_WARN_BLOCK_CAPTURE_AUTORELEASING = YES;
				CLANG_WARN_BOOL_CONVERSION = YES;
				CLANG_WARN_COMMA = YES;
				CLANG_WARN_CONSTANT_CONVERSION = YES;
				CLANG_WARN_DIRECT_OBJC_ISA_USAGE = YES_ERROR;
				CLANG_WARN_DOCUMENTATION_COMMENTS = YES;
				CLANG_WARN_EMPTY_BODY = YES;
				CLANG_WARN_ENUM_CONVERSION = YES;
				CLANG_WARN_INFINITE_RECURSION = YES;
				CLANG_WARN_INT_CONVERSION = YES;
				CLANG_WARN_NON_LITERAL_NULL_CONVERSION = YES;
				CLANG_WARN_OBJC_LITERAL_CONVERSION = YES;
				CLANG_WARN_OBJC_ROOT_CLASS = YES_ERROR;
				CLANG_WARN_RANGE_LOOP_ANALYSIS = YES;
				CLANG_WARN_STRICT_PROTOTYPES = YES;
				CLANG_WARN_SUSPICIOUS_MOVE = YES;
				CLANG_WARN_UNGUARDED_AVAILABILITY = YES_AGGRESSIVE;
				CLANG_WARN_UNREACHABLE_CODE = YES;
				CLANG_WARN__DUPLICATE_METHOD_MATCH = YES;
				CODE_SIGN_IDENTITY = "iPhone Developer";
				COPY_PHASE_STRIP = NO;
				DEBUG_INFORMATION_FORMAT = dwarf;
				ENABLE_STRICT_OBJC_MSGSEND = YES;
				ENABLE_TESTABILITY = YES;
				GCC_C_LANGUAGE_STANDARD = gnu11;
				GCC_DYNAMIC_NO_PIC = NO;
				GCC_NO_COMMON_BLOCKS = YES;
				GCC_OPTIMIZATION_LEVEL = 0;
				GCC_PREPROCESSOR_DEFINITIONS = (
					"DEBUG=1",
					"$(inherited)",
				);
				GCC_WARN_64_TO_32_BIT_CONVERSION = YES;
				GCC_WARN_ABOUT_RETURN_TYPE = YES_ERROR;
				GCC_WARN_UNDECLARED_SELECTOR = YES;
				GCC_WARN_UNINITIALIZED_AUTOS = YES_AGGRESSIVE;
				GCC_WARN_UNUSED_FUNCTION = YES;
				GCC_WARN_UNUSED_VARIABLE = YES;
				IPHONEOS_DEPLOYMENT_TARGET = 11.2;
				MTL_ENABLE_DEBUG_INFO = YES;
				ONLY_ACTIVE_ARCH = YES;
				SDKROOT = iphoneos;
				SWIFT_ACTIVE_COMPILATION_CONDITIONS = DEBUG;
				SWIFT_OPTIMIZATION_LEVEL = "-Onone";
			};
			name = Debug;
		};
		2B5E8048230C410A00612CD2 /* Release */ = {
			isa = XCBuildConfiguration;
			buildSettings = {
				ALWAYS_SEARCH_USER_PATHS = NO;
				CLANG_ANALYZER_NONNULL = YES;
				CLANG_ANALYZER_NUMBER_OBJECT_CONVERSION = YES_AGGRESSIVE;
				CLANG_CXX_LANGUAGE_STANDARD = "gnu++14";
				CLANG_CXX_LIBRARY = "libc++";
				CLANG_ENABLE_MODULES = YES;
				CLANG_ENABLE_OBJC_ARC = YES;
				CLANG_WARN_BLOCK_CAPTURE_AUTORELEASING = YES;
				CLANG_WARN_BOOL_CONVERSION = YES;
				CLANG_WARN_COMMA = YES;
				CLANG_WARN_CONSTANT_CONVERSION = YES;
				CLANG_WARN_DIRECT_OBJC_ISA_USAGE = YES_ERROR;
				CLANG_WARN_DOCUMENTATION_COMMENTS = YES;
				CLANG_WARN_EMPTY_BODY = YES;
				CLANG_WARN_ENUM_CONVERSION = YES;
				CLANG_WARN_INFINITE_RECURSION = YES;
				CLANG_WARN_INT_CONVERSION = YES;
				CLANG_WARN_NON_LITERAL_NULL_CONVERSION = YES;
				CLANG_WARN_OBJC_LITERAL_CONVERSION = YES;
				CLANG_WARN_OBJC_ROOT_CLASS = YES_ERROR;
				CLANG_WARN_RANGE_LOOP_ANALYSIS = YES;
				CLANG_WARN_STRICT_PROTOTYPES = YES;
				CLANG_WARN_SUSPICIOUS_MOVE = YES;
				CLANG_WARN_UNGUARDED_AVAILABILITY = YES_AGGRESSIVE;
				CLANG_WARN_UNREACHABLE_CODE = YES;
				CLANG_WARN__DUPLICATE_METHOD_MATCH = YES;
				CODE_SIGN_IDENTITY = "iPhone Developer";
				COPY_PHASE_STRIP = NO;
				DEBUG_INFORMATION_FORMAT = "dwarf-with-dsym";
				ENABLE_NS_ASSERTIONS = NO;
				ENABLE_STRICT_OBJC_MSGSEND = YES;
				GCC_C_LANGUAGE_STANDARD = gnu11;
				GCC_NO_COMMON_BLOCKS = YES;
				GCC_WARN_64_TO_32_BIT_CONVERSION = YES;
				GCC_WARN_ABOUT_RETURN_TYPE = YES_ERROR;
				GCC_WARN_UNDECLARED_SELECTOR = YES;
				GCC_WARN_UNINITIALIZED_AUTOS = YES_AGGRESSIVE;
				GCC_WARN_UNUSED_FUNCTION = YES;
				GCC_WARN_UNUSED_VARIABLE = YES;
				IPHONEOS_DEPLOYMENT_TARGET = 11.2;
				MTL_ENABLE_DEBUG_INFO = NO;
				SDKROOT = iphoneos;
				SWIFT_OPTIMIZATION_LEVEL = "-Owholemodule";
				VALIDATE_PRODUCT = YES;
			};
			name = Release;
		};
		2B5E804A230C410A00612CD2 /* Debug */ = {
			isa = XCBuildConfiguration;
			buildSettings = {
				ASSETCATALOG_COMPILER_APPICON_NAME = AppIcon;
				CODE_SIGN_STYLE = Automatic;
				INFOPLIST_FILE = swift_database/Info.plist;
				LD_RUNPATH_SEARCH_PATHS = "$(inherited) @executable_path/Frameworks";
				PRODUCT_BUNDLE_IDENTIFIER = "com.sistemasbeagle.swift-database";
				PRODUCT_NAME = "$(TARGET_NAME)";
				SWIFT_VERSION = 4.0;
				TARGETED_DEVICE_FAMILY = "1,2";
			};
			name = Debug;
		};
		2B5E804B230C410A00612CD2 /* Release */ = {
			isa = XCBuildConfiguration;
			buildSettings = {
				ASSETCATALOG_COMPILER_APPICON_NAME = AppIcon;
				CODE_SIGN_STYLE = Automatic;
				INFOPLIST_FILE = swift_database/Info.plist;
				LD_RUNPATH_SEARCH_PATHS = "$(inherited) @executable_path/Frameworks";
				PRODUCT_BUNDLE_IDENTIFIER = "com.sistemasbeagle.swift-database";
				PRODUCT_NAME = "$(TARGET_NAME)";
				SWIFT_VERSION = 4.0;
				TARGETED_DEVICE_FAMILY = "1,2";
			};
			name = Release;
		};
		2B5E804D230C410A00612CD2 /* Debug */ = {
			isa = XCBuildConfiguration;
			buildSettings = {
				ALWAYS_EMBED_SWIFT_STANDARD_LIBRARIES = YES;
				BUNDLE_LOADER = "$(TEST_HOST)";
				CODE_SIGN_STYLE = Automatic;
				INFOPLIST_FILE = swift_databaseTests/Info.plist;
				LD_RUNPATH_SEARCH_PATHS = "$(inherited) @executable_path/Frameworks @loader_path/Frameworks";
				PRODUCT_BUNDLE_IDENTIFIER = "com.sistemasbeagle.swift-databaseTests";
				PRODUCT_NAME = "$(TARGET_NAME)";
				SWIFT_VERSION = 4.0;
				TARGETED_DEVICE_FAMILY = "1,2";
				TEST_HOST = "$(BUILT_PRODUCTS_DIR)/swift_database.app/swift_database";
			};
			name = Debug;
		};
		2B5E804E230C410A00612CD2 /* Release */ = {
			isa = XCBuildConfiguration;
			buildSettings = {
				ALWAYS_EMBED_SWIFT_STANDARD_LIBRARIES = YES;
				BUNDLE_LOADER = "$(TEST_HOST)";
				CODE_SIGN_STYLE = Automatic;
				INFOPLIST_FILE = swift_databaseTests/Info.plist;
				LD_RUNPATH_SEARCH_PATHS = "$(inherited) @executable_path/Frameworks @loader_path/Frameworks";
				PRODUCT_BUNDLE_IDENTIFIER = "com.sistemasbeagle.swift-databaseTests";
				PRODUCT_NAME = "$(TARGET_NAME)";
				SWIFT_VERSION = 4.0;
				TARGETED_DEVICE_FAMILY = "1,2";
				TEST_HOST = "$(BUILT_PRODUCTS_DIR)/swift_database.app/swift_database";
			};
			name = Release;
		};
		2B5E8050230C410A00612CD2 /* Debug */ = {
			isa = XCBuildConfiguration;
			buildSettings = {
				ALWAYS_EMBED_SWIFT_STANDARD_LIBRARIES = YES;
				CODE_SIGN_STYLE = Automatic;
				INFOPLIST_FILE = swift_databaseUITests/Info.plist;
				LD_RUNPATH_SEARCH_PATHS = "$(inherited) @executable_path/Frameworks @loader_path/Frameworks";
				PRODUCT_BUNDLE_IDENTIFIER = "com.sistemasbeagle.swift-databaseUITests";
				PRODUCT_NAME = "$(TARGET_NAME)";
				SWIFT_VERSION = 4.0;
				TARGETED_DEVICE_FAMILY = "1,2";
				TEST_TARGET_NAME = swift_database;
			};
			name = Debug;
		};
		2B5E8051230C410A00612CD2 /* Release */ = {
			isa = XCBuildConfiguration;
			buildSettings = {
				ALWAYS_EMBED_SWIFT_STANDARD_LIBRARIES = YES;
				CODE_SIGN_STYLE = Automatic;
				INFOPLIST_FILE = swift_databaseUITests/Info.plist;
				LD_RUNPATH_SEARCH_PATHS = "$(inherited) @executable_path/Frameworks @loader_path/Frameworks";
				PRODUCT_BUNDLE_IDENTIFIER = "com.sistemasbeagle.swift-databaseUITests";
				PRODUCT_NAME = "$(TARGET_NAME)";
				SWIFT_VERSION = 4.0;
				TARGETED_DEVICE_FAMILY = "1,2";
				TEST_TARGET_NAME = swift_database;
			};
			name = Release;
		};
/* End XCBuildConfiguration section */

/* Begin XCConfigurationList section */
		2B5E801C230C410A00612CD2 /* Build configuration list for PBXProject "swift_database" */ = {
			isa = XCConfigurationList;
			buildConfigurations = (
				2B5E8047230C410A00612CD2 /* Debug */,
				2B5E8048230C410A00612CD2 /* Release */,
			);
			defaultConfigurationIsVisible = 0;
			defaultConfigurationName = Release;
		};
		2B5E8049230C410A00612CD2 /* Build configuration list for PBXNativeTarget "swift_database" */ = {
			isa = XCConfigurationList;
			buildConfigurations = (
				2B5E804A230C410A00612CD2 /* Debug */,
				2B5E804B230C410A00612CD2 /* Release */,
			);
			defaultConfigurationIsVisible = 0;
			defaultConfigurationName = Release;
		};
		2B5E804C230C410A00612CD2 /* Build configuration list for PBXNativeTarget "swift_databaseTests" */ = {
			isa = XCConfigurationList;
			buildConfigurations = (
				2B5E804D230C410A00612CD2 /* Debug */,
				2B5E804E230C410A00612CD2 /* Release */,
			);
			defaultConfigurationIsVisible = 0;
			defaultConfigurationName = Release;
		};
		2B5E804F230C410A00612CD2 /* Build configuration list for PBXNativeTarget "swift_databaseUITests" */ = {
			isa = XCConfigurationList;
			buildConfigurations = (
				2B5E8050230C410A00612CD2 /* Debug */,
				2B5E8051230C410A00612CD2 /* Release */,
			);
			defaultConfigurationIsVisible = 0;
			defaultConfigurationName = Release;
		};
/* End XCConfigurationList section */
	};
	rootObject = 2B5E8019230C410A00612CD2 /* Project object */;
}
